// !$*UTF8*$!
{
	archiveVersion = 1;
	classes = {
	};
	objectVersion = 46;
	objects = {

/* Begin PBXBuildFile section */
		156748342088652100D6D4D4 /* main.m in Sources */ = {isa = PBXBuildFile; fileRef = 156748332088652100D6D4D4 /* main.m */; };
		156748372088652100D6D4D4 /* AppDelegate.m in Sources */ = {isa = PBXBuildFile; fileRef = 156748362088652100D6D4D4 /* AppDelegate.m */; };
		1567483A2088652100D6D4D4 /* ViewController.m in Sources */ = {isa = PBXBuildFile; fileRef = 156748392088652100D6D4D4 /* ViewController.m */; };
		1567483D2088652100D6D4D4 /* Main.storyboard in Resources */ = {isa = PBXBuildFile; fileRef = 1567483B2088652100D6D4D4 /* Main.storyboard */; };
		1567483F2088652100D6D4D4 /* Assets.xcassets in Resources */ = {isa = PBXBuildFile; fileRef = 1567483E2088652100D6D4D4 /* Assets.xcassets */; };
		156748422088652100D6D4D4 /* LaunchScreen.storyboard in Resources */ = {isa = PBXBuildFile; fileRef = 156748402088652100D6D4D4 /* LaunchScreen.storyboard */; };
		1567484D2088652100D6D4D4 /* test2UITests.m in Sources */ = {isa = PBXBuildFile; fileRef = 1567484C2088652100D6D4D4 /* test2UITests.m */; };
/* End PBXBuildFile section */

/* Begin PBXContainerItemProxy section */
		156748492088652100D6D4D4 /* PBXContainerItemProxy */ = {
			isa = PBXContainerItemProxy;
			containerPortal = 156748272088652100D6D4D4 /* Project object */;
			proxyType = 1;
			remoteGlobalIDString = 1567482E2088652100D6D4D4;
			remoteInfo = test2;
		};
/* End PBXContainerItemProxy section */

/* Begin PBXFileReference section */
		1567482F2088652100D6D4D4 /* test2.app */ = {isa = PBXFileReference; explicitFileType = wrapper.application; includeInIndex = 0; path = test2.app; sourceTree = BUILT_PRODUCTS_DIR; };
		156748332088652100D6D4D4 /* main.m */ = {isa = PBXFileReference; lastKnownFileType = sourcecode.c.objc; path = main.m; sourceTree = "<group>"; };
		156748352088652100D6D4D4 /* AppDelegate.h */ = {isa = PBXFileReference; lastKnownFileType = sourcecode.c.h; path = AppDelegate.h; sourceTree = "<group>"; };
		156748362088652100D6D4D4 /* AppDelegate.m */ = {isa = PBXFileReference; lastKnownFileType = sourcecode.c.objc; path = AppDelegate.m; sourceTree = "<group>"; };
		156748382088652100D6D4D4 /* ViewController.h */ = {isa = PBXFileReference; lastKnownFileType = sourcecode.c.h; path = ViewController.h; sourceTree = "<group>"; };
		156748392088652100D6D4D4 /* ViewController.m */ = {isa = PBXFileReference; lastKnownFileType = sourcecode.c.objc; path = ViewController.m; sourceTree = "<group>"; };
		1567483C2088652100D6D4D4 /* Base */ = {isa = PBXFileReference; lastKnownFileType = file.storyboard; name = Base; path = Base.lproj/Main.storyboard; sourceTree = "<group>"; };
		1567483E2088652100D6D4D4 /* Assets.xcassets */ = {isa = PBXFileReference; lastKnownFileType = folder.assetcatalog; path = Assets.xcassets; sourceTree = "<group>"; };
		156748412088652100D6D4D4 /* Base */ = {isa = PBXFileReference; lastKnownFileType = file.storyboard; name = Base; path = Base.lproj/LaunchScreen.storyboard; sourceTree = "<group>"; };
		156748432088652100D6D4D4 /* Info.plist */ = {isa = PBXFileReference; lastKnownFileType = text.plist.xml; path = Info.plist; sourceTree = "<group>"; };
		156748482088652100D6D4D4 /* test2UITests.xctest */ = {isa = PBXFileReference; explicitFileType = wrapper.cfbundle; includeInIndex = 0; path = test2UITests.xctest; sourceTree = BUILT_PRODUCTS_DIR; };
		1567484C2088652100D6D4D4 /* test2UITests.m */ = {isa = PBXFileReference; lastKnownFileType = sourcecode.c.objc; path = test2UITests.m; sourceTree = "<group>"; };
		1567484E2088652100D6D4D4 /* Info.plist */ = {isa = PBXFileReference; lastKnownFileType = text.plist.xml; path = Info.plist; sourceTree = "<group>"; };
/* End PBXFileReference section */

/* Begin PBXFrameworksBuildPhase section */
		1567482C2088652100D6D4D4 /* Frameworks */ = {
			isa = PBXFrameworksBuildPhase;
			buildActionMask = 2147483647;
			files = (
			);
			runOnlyForDeploymentPostprocessing = 0;
		};
		156748452088652100D6D4D4 /* Frameworks */ = {
			isa = PBXFrameworksBuildPhase;
			buildActionMask = 2147483647;
			files = (
			);
			runOnlyForDeploymentPostprocessing = 0;
		};
/* End PBXFrameworksBuildPhase section */

/* Begin PBXGroup section */
		156748262088652100D6D4D4 = {
			isa = PBXGroup;
			children = (
				156748312088652100D6D4D4 /* test2 */,
				1567484B2088652100D6D4D4 /* test2UITests */,
				156748302088652100D6D4D4 /* Products */,
			);
			sourceTree = "<group>";
		};
		156748302088652100D6D4D4 /* Products */ = {
			isa = PBXGroup;
			children = (
				1567482F2088652100D6D4D4 /* test2.app */,
				156748482088652100D6D4D4 /* test2UITests.xctest */,
			);
			name = Products;
			sourceTree = "<group>";
		};
		156748312088652100D6D4D4 /* test2 */ = {
			isa = PBXGroup;
			children = (
				156748352088652100D6D4D4 /* AppDelegate.h */,
				156748362088652100D6D4D4 /* AppDelegate.m */,
				156748382088652100D6D4D4 /* ViewController.h */,
				156748392088652100D6D4D4 /* ViewController.m */,
				1567483B2088652100D6D4D4 /* Main.storyboard */,
				1567483E2088652100D6D4D4 /* Assets.xcassets */,
				156748402088652100D6D4D4 /* LaunchScreen.storyboard */,
				156748432088652100D6D4D4 /* Info.plist */,
				156748322088652100D6D4D4 /* Supporting Files */,
			);
			path = test2;
			sourceTree = "<group>";
		};
		156748322088652100D6D4D4 /* Supporting Files */ = {
			isa = PBXGroup;
			children = (
				156748332088652100D6D4D4 /* main.m */,
			);
			name = "Supporting Files";
			sourceTree = "<group>";
		};
		1567484B2088652100D6D4D4 /* test2UITests */ = {
			isa = PBXGroup;
			children = (
				1567484C2088652100D6D4D4 /* test2UITests.m */,
				1567484E2088652100D6D4D4 /* Info.plist */,
			);
			path = test2UITests;
			sourceTree = "<group>";
		};
/* End PBXGroup section */

/* Begin PBXNativeTarget section */
		1567482E2088652100D6D4D4 /* test2 */ = {
			isa = PBXNativeTarget;
			buildConfigurationList = 156748512088652100D6D4D4 /* Build configuration list for PBXNativeTarget "test2" */;
			buildPhases = (
				1567482B2088652100D6D4D4 /* Sources */,
				1567482C2088652100D6D4D4 /* Frameworks */,
				1567482D2088652100D6D4D4 /* Resources */,
			);
			buildRules = (
			);
			dependencies = (
			);
			name = test2;
			productName = test2;
			productReference = 1567482F2088652100D6D4D4 /* test2.app */;
			productType = "com.apple.product-type.application";
		};
		156748472088652100D6D4D4 /* test2UITests */ = {
			isa = PBXNativeTarget;
			buildConfigurationList = 156748542088652100D6D4D4 /* Build configuration list for PBXNativeTarget "test2UITests" */;
			buildPhases = (
				156748442088652100D6D4D4 /* Sources */,
				156748452088652100D6D4D4 /* Frameworks */,
				156748462088652100D6D4D4 /* Resources */,
			);
			buildRules = (
			);
			dependencies = (
				1567484A2088652100D6D4D4 /* PBXTargetDependency */,
			);
			name = test2UITests;
			productName = test2UITests;
			productReference = 156748482088652100D6D4D4 /* test2UITests.xctest */;
			productType = "com.apple.product-type.bundle.ui-testing";
		};
/* End PBXNativeTarget section */

/* Begin PBXProject section */
		156748272088652100D6D4D4 /* Project object */ = {
			isa = PBXProject;
			attributes = {
				LastUpgradeCheck = 0830;
				ORGANIZATIONNAME = "何成就";
				TargetAttributes = {
					1567482E2088652100D6D4D4 = {
						CreatedOnToolsVersion = 8.3.2;
						DevelopmentTeam = TM9N578KDX;
						ProvisioningStyle = Automatic;
					};
					156748472088652100D6D4D4 = {
						CreatedOnToolsVersion = 8.3.2;
						DevelopmentTeam = TM9N578KDX;
						ProvisioningStyle = Automatic;
						TestTargetID = 1567482E2088652100D6D4D4;
					};
				};
			};
			buildConfigurationList = 1567482A2088652100D6D4D4 /* Build configuration list for PBXProject "test2" */;
			compatibilityVersion = "Xcode 3.2";
			developmentRegion = English;
			hasScannedForEncodings = 0;
			knownRegions = (
				en,
				Base,
			);
			mainGroup = 156748262088652100D6D4D4;
			productRefGroup = 156748302088652100D6D4D4 /* Products */;
			projectDirPath = "";
			projectRoot = "";
			targets = (
				1567482E2088652100D6D4D4 /* test2 */,
				156748472088652100D6D4D4 /* test2UITests */,
			);
		};
/* End PBXProject section */

/* Begin PBXResourcesBuildPhase section */
		1567482D2088652100D6D4D4 /* Resources */ = {
			isa = PBXResourcesBuildPhase;
			buildActionMask = 2147483647;
			files = (
				156748422088652100D6D4D4 /* LaunchScreen.storyboard in Resources */,
				1567483F2088652100D6D4D4 /* Assets.xcassets in Resources */,
				1567483D2088652100D6D4D4 /* Main.storyboard in Resources */,
			);
			runOnlyForDeploymentPostprocessing = 0;
		};
		156748462088652100D6D4D4 /* Resources */ = {
			isa = PBXResourcesBuildPhase;
			buildActionMask = 2147483647;
			files = (
			);
			runOnlyForDeploymentPostprocessing = 0;
		};
/* End PBXResourcesBuildPhase section */

/* Begin PBXSourcesBuildPhase section */
		1567482B2088652100D6D4D4 /* Sources */ = {
			isa = PBXSourcesBuildPhase;
			buildActionMask = 2147483647;
			files = (
				1567483A2088652100D6D4D4 /* ViewController.m in Sources */,
				156748372088652100D6D4D4 /* AppDelegate.m in Sources */,
				156748342088652100D6D4D4 /* main.m in Sources */,
			);
			runOnlyForDeploymentPostprocessing = 0;
		};
		156748442088652100D6D4D4 /* Sources */ = {
			isa = PBXSourcesBuildPhase;
			buildActionMask = 2147483647;
			files = (
				1567484D2088652100D6D4D4 /* test2UITests.m in Sources */,
			);
			runOnlyForDeploymentPostprocessing = 0;
		};
/* End PBXSourcesBuildPhase section */

/* Begin PBXTargetDependency section */
		1567484A2088652100D6D4D4 /* PBXTargetDependency */ = {
			isa = PBXTargetDependency;
			target = 1567482E2088652100D6D4D4 /* test2 */;
			targetProxy = 156748492088652100D6D4D4 /* PBXContainerItemProxy */;
		};
/* End PBXTargetDependency section */

/* Begin PBXVariantGroup section */
		1567483B2088652100D6D4D4 /* Main.storyboard */ = {
			isa = PBXVariantGroup;
			children = (
				1567483C2088652100D6D4D4 /* Base */,
			);
			name = Main.storyboard;
			sourceTree = "<group>";
		};
		156748402088652100D6D4D4 /* LaunchScreen.storyboard */ = {
			isa = PBXVariantGroup;
			children = (
				156748412088652100D6D4D4 /* Base */,
			);
			name = LaunchScreen.storyboard;
			sourceTree = "<group>";
		};
/* End PBXVariantGroup section */

/* Begin XCBuildConfiguration section */
		1567484F2088652100D6D4D4 /* Debug */ = {
			isa = XCBuildConfiguration;
			buildSettings = {
				ALWAYS_SEARCH_USER_PATHS = NO;
				CLANG_ANALYZER_NONNULL = YES;
				CLANG_ANALYZER_NUMBER_OBJECT_CONVERSION = YES_AGGRESSIVE;
				CLANG_CXX_LANGUAGE_STANDARD = "gnu++0x";
				CLANG_CXX_LIBRARY = "libc++";
				CLANG_ENABLE_MODULES = YES;
				CLANG_ENABLE_OBJC_ARC = YES;
				CLANG_WARN_BOOL_CONVERSION = YES;
				CLANG_WARN_CONSTANT_CONVERSION = YES;
				CLANG_WARN_DIRECT_OBJC_ISA_USAGE = YES_ERROR;
				CLANG_WARN_DOCUMENTATION_COMMENTS = YES;
				CLANG_WARN_EMPTY_BODY = YES;
				CLANG_WARN_ENUM_CONVERSION = YES;
				CLANG_WARN_INFINITE_RECURSION = YES;
				CLANG_WARN_INT_CONVERSION = YES;
				CLANG_WARN_OBJC_ROOT_CLASS = YES_ERROR;
				CLANG_WARN_SUSPICIOUS_MOVE = YES;
				CLANG_WARN_UNREACHABLE_CODE = YES;
				CLANG_WARN__DUPLICATE_METHOD_MATCH = YES;
				"CODE_SIGN_IDENTITY[sdk=iphoneos*]" = "iPhone Developer";
				COPY_PHASE_STRIP = NO;
				DEBUG_INFORMATION_FORMAT = dwarf;
				ENABLE_STRICT_OBJC_MSGSEND = YES;
				ENABLE_TESTABILITY = YES;
				GCC_C_LANGUAGE_STANDARD = gnu99;
				GCC_DYNAMIC_NO_PIC = NO;
				GCC_NO_COMMON_BLOCKS = YES;
				GCC_OPTIMIZATION_LEVEL = 0;
				GCC_PREPROCESSOR_DEFINITIONS = (
					"DEBUG=1",
					"$(inherited)",
				);
				GCC_WARN_64_TO_32_BIT_CONVERSION = YES;
				GCC_WARN_ABOUT_RETURN_TYPE = YES_ERROR;
				GCC_WARN_UNDECLARED_SELECTOR = YES;
				GCC_WARN_UNINITIALIZED_AUTOS = YES_AGGRESSIVE;
				GCC_WARN_UNUSED_FUNCTION = YES;
				GCC_WARN_UNUSED_VARIABLE = YES;
				IPHONEOS_DEPLOYMENT_TARGET = 10.3;
				MTL_ENABLE_DEBUG_INFO = YES;
				ONLY_ACTIVE_ARCH = YES;
				SDKROOT = iphoneos;
			};
			name = Debug;
		};
		156748502088652100D6D4D4 /* Release */ = {
			isa = XCBuildConfiguration;
			buildSettings = {
				ALWAYS_SEARCH_USER_PATHS = NO;
				CLANG_ANALYZER_NONNULL = YES;
				CLANG_ANALYZER_NUMBER_OBJECT_CONVERSION = YES_AGGRESSIVE;
				CLANG_CXX_LANGUAGE_STANDARD = "gnu++0x";
				CLANG_CXX_LIBRARY = "libc++";
				CLANG_ENABLE_MODULES = YES;
				CLANG_ENABLE_OBJC_ARC = YES;
				CLANG_WARN_BOOL_CONVERSION = YES;
				CLANG_WARN_CONSTANT_CONVERSION = YES;
				CLANG_WARN_DIRECT_OBJC_ISA_USAGE = YES_ERROR;
				CLANG_WARN_DOCUMENTATION_COMMENTS = YES;
				CLANG_WARN_EMPTY_BODY = YES;
				CLANG_WARN_ENUM_CONVERSION = YES;
				CLANG_WARN_INFINITE_RECURSION = YES;
				CLANG_WARN_INT_CONVERSION = YES;
				CLANG_WARN_OBJC_ROOT_CLASS = YES_ERROR;
				CLANG_WARN_SUSPICIOUS_MOVE = YES;
				CLANG_WARN_UNREACHABLE_CODE = YES;
				CLANG_WARN__DUPLICATE_METHOD_MATCH = YES;
				"CODE_SIGN_IDENTITY[sdk=iphoneos*]" = "iPhone Developer";
				COPY_PHASE_STRIP = NO;
				DEBUG_INFORMATION_FORMAT = "dwarf-with-dsym";
				ENABLE_NS_ASSERTIONS = NO;
				ENABLE_STRICT_OBJC_MSGSEND = YES;
				GCC_C_LANGUAGE_STANDARD = gnu99;
				GCC_NO_COMMON_BLOCKS = YES;
				GCC_WARN_64_TO_32_BIT_CONVERSION = YES;
				GCC_WARN_ABOUT_RETURN_TYPE = YES_ERROR;
				GCC_WARN_UNDECLARED_SELECTOR = YES;
				GCC_WARN_UNINITIALIZED_AUTOS = YES_AGGRESSIVE;
				GCC_WARN_UNUSED_FUNCTION = YES;
				GCC_WARN_UNUSED_VARIABLE = YES;
				IPHONEOS_DEPLOYMENT_TARGET = 10.3;
				MTL_ENABLE_DEBUG_INFO = NO;
				SDKROOT = iphoneos;
				VALIDATE_PRODUCT = YES;
			};
			name = Release;
		};
		156748522088652100D6D4D4 /* Debug */ = {
			isa = XCBuildConfiguration;
			buildSettings = {
				ASSETCATALOG_COMPILER_APPICON_NAME = AppIcon;
				DEVELOPMENT_TEAM = TM9N578KDX;
				INFOPLIST_FILE = test2/Info.plist;
				LD_RUNPATH_SEARCH_PATHS = "$(inherited) @executable_path/Frameworks";
				PRODUCT_BUNDLE_IDENTIFIER = com.bonree.test2;
				PRODUCT_NAME = "$(TARGET_NAME)";
			};
			name = Debug;
		};
		156748532088652100D6D4D4 /* Release */ = {
			isa = XCBuildConfiguration;
			buildSettings = {
				ASSETCATALOG_COMPILER_APPICON_NAME = AppIcon;
				DEVELOPMENT_TEAM = TM9N578KDX;
				INFOPLIST_FILE = test2/Info.plist;
				LD_RUNPATH_SEARCH_PATHS = "$(inherited) @executable_path/Frameworks";
				PRODUCT_BUNDLE_IDENTIFIER = com.bonree.test2;
				PRODUCT_NAME = "$(TARGET_NAME)";
			};
			name = Release;
		};
		156748552088652100D6D4D4 /* Debug */ = {
			isa = XCBuildConfiguration;
			buildSettings = {
				DEVELOPMENT_TEAM = TM9N578KDX;
				INFOPLIST_FILE = test2UITests/Info.plist;
				LD_RUNPATH_SEARCH_PATHS = "$(inherited) @executable_path/Frameworks @loader_path/Frameworks";
				PRODUCT_BUNDLE_IDENTIFIER = com.bonree.test2UITests;
				PRODUCT_NAME = "$(TARGET_NAME)";
				TEST_TARGET_NAME = test2;
			};
			name = Debug;
		};
		156748562088652100D6D4D4 /* Release */ = {
			isa = XCBuildConfiguration;
			buildSettings = {
				DEVELOPMENT_TEAM = TM9N578KDX;
				INFOPLIST_FILE = test2UITests/Info.plist;
				LD_RUNPATH_SEARCH_PATHS = "$(inherited) @executable_path/Frameworks @loader_path/Frameworks";
				PRODUCT_BUNDLE_IDENTIFIER = com.bonree.test2UITests;
				PRODUCT_NAME = "$(TARGET_NAME)";
				TEST_TARGET_NAME = test2;
			};
			name = Release;
		};
/* End XCBuildConfiguration section */

/* Begin XCConfigurationList section */
		1567482A2088652100D6D4D4 /* Build configuration list for PBXProject "test2" */ = {
			isa = XCConfigurationList;
			buildConfigurations = (
				1567484F2088652100D6D4D4 /* Debug */,
				156748502088652100D6D4D4 /* Release */,
			);
			defaultConfigurationIsVisible = 0;
			defaultConfigurationName = Release;
		};
		156748512088652100D6D4D4 /* Build configuration list for PBXNativeTarget "test2" */ = {
			isa = XCConfigurationList;
			buildConfigurations = (
				156748522088652100D6D4D4 /* Debug */,
				156748532088652100D6D4D4 /* Release */,
			);
			defaultConfigurationIsVisible = 0;
		};
		156748542088652100D6D4D4 /* Build configuration list for PBXNativeTarget "test2UITests" */ = {
			isa = XCConfigurationList;
			buildConfigurations = (
				156748552088652100D6D4D4 /* Debug */,
				156748562088652100D6D4D4 /* Release */,
			);
			defaultConfigurationIsVisible = 0;
		};
/* End XCConfigurationList section */
	};
	rootObject = 156748272088652100D6D4D4 /* Project object */;
}
